
Microsoft Visual Studio Solution File, Format Version 12.00
# Visual Studio Version 16
VisualStudioVersion = 16.0.30621.155
MinimumVisualStudioVersion = 10.0.40219.1
Project("{FAE04EC0-301F-11D3-BF4B-00C04F79EFBC}") = "TemplateXamarinV1", "TemplateXamarinV1\TemplateXamarinV1.csproj", "{C79D4B5D-5EB7-4EC1-9F2F-2AB177A27B82}"
EndProject
Project("{FAE04EC0-301F-11D3-BF4B-00C04F79EFBC}") = "TemplateXamarinV1.Android", "TemplateXamarinV1.Android\TemplateXamarinV1.Android.csproj", "{C7773C08-43BC-422A-AB83-142E4C137E73}"
EndProject
Project("{FAE04EC0-301F-11D3-BF4B-00C04F79EFBC}") = "TemplateXamarinV1.iOS", "TemplateXamarinV1.iOS\TemplateXamarinV1.iOS.csproj", "{6587EEB8-F2AB-4FCB-AB6A-E8DB069B39D4}"
EndProject
Global
	GlobalSection(SolutionConfigurationPlatforms) = preSolution
		Ad-Hoc|Any CPU = Ad-Hoc|Any CPU
		Ad-Hoc|iPhone = Ad-Hoc|iPhone
		Ad-Hoc|iPhoneSimulator = Ad-Hoc|iPhoneSimulator
		AppStore|Any CPU = AppStore|Any CPU
		AppStore|iPhone = AppStore|iPhone
		AppStore|iPhoneSimulator = AppStore|iPhoneSimulator
		Debug|Any CPU = Debug|Any CPU
		Debug|iPhone = Debug|iPhone
		Debug|iPhoneSimulator = Debug|iPhoneSimulator
		Release|Any CPU = Release|Any CPU
		Release|iPhone = Release|iPhone
		Release|iPhoneSimulator = Release|iPhoneSimulator
	EndGlobalSection
	GlobalSection(ProjectConfigurationPlatforms) = postSolution
		{C79D4B5D-5EB7-4EC1-9F2F-2AB177A27B82}.Ad-Hoc|Any CPU.ActiveCfg = Release|Any CPU
		{C79D4B5D-5EB7-4EC1-9F2F-2AB177A27B82}.Ad-Hoc|Any CPU.Build.0 = Release|Any CPU
		{C79D4B5D-5EB7-4EC1-9F2F-2AB177A27B82}.Ad-Hoc|iPhone.ActiveCfg = Release|Any CPU
		{C79D4B5D-5EB7-4EC1-9F2F-2AB177A27B82}.Ad-Hoc|iPhone.Build.0 = Release|Any CPU
		{C79D4B5D-5EB7-4EC1-9F2F-2AB177A27B82}.Ad-Hoc|iPhoneSimulator.ActiveCfg = Release|Any CPU
		{C79D4B5D-5EB7-4EC1-9F2F-2AB177A27B82}.Ad-Hoc|iPhoneSimulator.Build.0 = Release|Any CPU
		{C79D4B5D-5EB7-4EC1-9F2F-2AB177A27B82}.AppStore|Any CPU.ActiveCfg = Release|Any CPU
		{C79D4B5D-5EB7-4EC1-9F2F-2AB177A27B82}.AppStore|Any CPU.Build.0 = Release|Any CPU
		{C79D4B5D-5EB7-4EC1-9F2F-2AB177A27B82}.AppStore|iPhone.ActiveCfg = Release|Any CPU
		{C79D4B5D-5EB7-4EC1-9F2F-2AB177A27B82}.AppStore|iPhone.Build.0 = Release|Any CPU
		{C79D4B5D-5EB7-4EC1-9F2F-2AB177A27B82}.AppStore|iPhoneSimulator.ActiveCfg = Release|Any CPU
		{C79D4B5D-5EB7-4EC1-9F2F-2AB177A27B82}.AppStore|iPhoneSimulator.Build.0 = Release|Any CPU
		{C79D4B5D-5EB7-4EC1-9F2F-2AB177A27B82}.Debug|Any CPU.ActiveCfg = Debug|Any CPU
		{C79D4B5D-5EB7-4EC1-9F2F-2AB177A27B82}.Debug|Any CPU.Build.0 = Debug|Any CPU
		{C79D4B5D-5EB7-4EC1-9F2F-2AB177A27B82}.Debug|iPhone.ActiveCfg = Debug|Any CPU
		{C79D4B5D-5EB7-4EC1-9F2F-2AB177A27B82}.Debug|iPhone.Build.0 = Debug|Any CPU
		{C79D4B5D-5EB7-4EC1-9F2F-2AB177A27B82}.Debug|iPhoneSimulator.ActiveCfg = Debug|Any CPU
		{C79D4B5D-5EB7-4EC1-9F2F-2AB177A27B82}.Debug|iPhoneSimulator.Build.0 = Debug|Any CPU
		{C79D4B5D-5EB7-4EC1-9F2F-2AB177A27B82}.Release|Any CPU.ActiveCfg = Release|Any CPU
		{C79D4B5D-5EB7-4EC1-9F2F-2AB177A27B82}.Release|Any CPU.Build.0 = Release|Any CPU
		{C79D4B5D-5EB7-4EC1-9F2F-2AB177A27B82}.Release|iPhone.ActiveCfg = Release|Any CPU
		{C79D4B5D-5EB7-4EC1-9F2F-2AB177A27B82}.Release|iPhone.Build.0 = Release|Any CPU
		{C79D4B5D-5EB7-4EC1-9F2F-2AB177A27B82}.Release|iPhoneSimulator.ActiveCfg = Release|Any CPU
		{C79D4B5D-5EB7-4EC1-9F2F-2AB177A27B82}.Release|iPhoneSimulator.Build.0 = Release|Any CPU
		{C7773C08-43BC-422A-AB83-142E4C137E73}.Ad-Hoc|Any CPU.ActiveCfg = Debug|Any CPU
		{C7773C08-43BC-422A-AB83-142E4C137E73}.Ad-Hoc|Any CPU.Build.0 = Debug|Any CPU
		{C7773C08-43BC-422A-AB83-142E4C137E73}.Ad-Hoc|Any CPU.Deploy.0 = Debug|Any CPU
		{C7773C08-43BC-422A-AB83-142E4C137E73}.Ad-Hoc|iPhone.ActiveCfg = Debug|Any CPU
		{C7773C08-43BC-422A-AB83-142E4C137E73}.Ad-Hoc|iPhone.Build.0 = Debug|Any CPU
		{C7773C08-43BC-422A-AB83-142E4C137E73}.Ad-Hoc|iPhone.Deploy.0 = Debug|Any CPU
		{C7773C08-43BC-422A-AB83-142E4C137E73}.Ad-Hoc|iPhoneSimulator.ActiveCfg = Debug|Any CPU
		{C7773C08-43BC-422A-AB83-142E4C137E73}.Ad-Hoc|iPhoneSimulator.Build.0 = Debug|Any CPU
		{C7773C08-43BC-422A-AB83-142E4C137E73}.Ad-Hoc|iPhoneSimulator.Deploy.0 = Debug|Any CPU
		{C7773C08-43BC-422A-AB83-142E4C137E73}.AppStore|Any CPU.ActiveCfg = Debug|Any CPU
		{C7773C08-43BC-422A-AB83-142E4C137E73}.AppStore|Any CPU.Build.0 = Debug|Any CPU
		{C7773C08-43BC-422A-AB83-142E4C137E73}.AppStore|Any CPU.Deploy.0 = Debug|Any CPU
		{C7773C08-43BC-422A-AB83-142E4C137E73}.AppStore|iPhone.ActiveCfg = Debug|Any CPU
		{C7773C08-43BC-422A-AB83-142E4C137E73}.AppStore|iPhone.Build.0 = Debug|Any CPU
		{C7773C08-43BC-422A-AB83-142E4C137E73}.AppStore|iPhone.Deploy.0 = Debug|Any CPU
		{C7773C08-43BC-422A-AB83-142E4C137E73}.AppStore|iPhoneSimulator.ActiveCfg = Debug|Any CPU
		{C7773C08-43BC-422A-AB83-142E4C137E73}.AppStore|iPhoneSimulator.Build.0 = Debug|Any CPU
		{C7773C08-43BC-422A-AB83-142E4C137E73}.AppStore|iPhoneSimulator.Deploy.0 = Debug|Any CPU
		{C7773C08-43BC-422A-AB83-142E4C137E73}.Debug|Any CPU.ActiveCfg = Debug|Any CPU
		{C7773C08-43BC-422A-AB83-142E4C137E73}.Debug|Any CPU.Build.0 = Debug|Any CPU
		{C7773C08-43BC-422A-AB83-142E4C137E73}.Debug|Any CPU.Deploy.0 = Debug|Any CPU
		{C7773C08-43BC-422A-AB83-142E4C137E73}.Debug|iPhone.ActiveCfg = Debug|Any CPU
		{C7773C08-43BC-422A-AB83-142E4C137E73}.Debug|iPhone.Build.0 = Debug|Any CPU
		{C7773C08-43BC-422A-AB83-142E4C137E73}.Debug|iPhone.Deploy.0 = Debug|Any CPU
		{C7773C08-43BC-422A-AB83-142E4C137E73}.Debug|iPhoneSimulator.ActiveCfg = Debug|Any CPU
		{C7773C08-43BC-422A-AB83-142E4C137E73}.Debug|iPhoneSimulator.Build.0 = Debug|Any CPU
		{C7773C08-43BC-422A-AB83-142E4C137E73}.Debug|iPhoneSimulator.Deploy.0 = Debug|Any CPU
		{C7773C08-43BC-422A-AB83-142E4C137E73}.Release|Any CPU.ActiveCfg = Release|Any CPU
		{C7773C08-43BC-422A-AB83-142E4C137E73}.Release|Any CPU.Build.0 = Release|Any CPU
		{C7773C08-43BC-422A-AB83-142E4C137E73}.Release|Any CPU.Deploy.0 = Release|Any CPU
		{C7773C08-43BC-422A-AB83-142E4C137E73}.Release|iPhone.ActiveCfg = Release|Any CPU
		{C7773C08-43BC-422A-AB83-142E4C137E73}.Release|iPhone.Build.0 = Release|Any CPU
		{C7773C08-43BC-422A-AB83-142E4C137E73}.Release|iPhone.Deploy.0 = Release|Any CPU
		{C7773C08-43BC-422A-AB83-142E4C137E73}.Release|iPhoneSimulator.ActiveCfg = Release|Any CPU
		{C7773C08-43BC-422A-AB83-142E4C137E73}.Release|iPhoneSimulator.Build.0 = Release|Any CPU
		{C7773C08-43BC-422A-AB83-142E4C137E73}.Release|iPhoneSimulator.Deploy.0 = Release|Any CPU
		{6587EEB8-F2AB-4FCB-AB6A-E8DB069B39D4}.Ad-Hoc|Any CPU.ActiveCfg = Ad-Hoc|iPhoneSimulator
		{6587EEB8-F2AB-4FCB-AB6A-E8DB069B39D4}.Ad-Hoc|iPhone.ActiveCfg = Ad-Hoc|iPhone
		{6587EEB8-F2AB-4FCB-AB6A-E8DB069B39D4}.Ad-Hoc|iPhone.Build.0 = Ad-Hoc|iPhone
		{6587EEB8-F2AB-4FCB-AB6A-E8DB069B39D4}.Ad-Hoc|iPhoneSimulator.ActiveCfg = Ad-Hoc|iPhoneSimulator
		{6587EEB8-F2AB-4FCB-AB6A-E8DB069B39D4}.Ad-Hoc|iPhoneSimulator.Build.0 = Ad-Hoc|iPhoneSimulator
		{6587EEB8-F2AB-4FCB-AB6A-E8DB069B39D4}.AppStore|Any CPU.ActiveCfg = AppStore|iPhoneSimulator
		{6587EEB8-F2AB-4FCB-AB6A-E8DB069B39D4}.AppStore|iPhone.ActiveCfg = AppStore|iPhone
		{6587EEB8-F2AB-4FCB-AB6A-E8DB069B39D4}.AppStore|iPhone.Build.0 = AppStore|iPhone
		{6587EEB8-F2AB-4FCB-AB6A-E8DB069B39D4}.AppStore|iPhoneSimulator.ActiveCfg = AppStore|iPhoneSimulator
		{6587EEB8-F2AB-4FCB-AB6A-E8DB069B39D4}.AppStore|iPhoneSimulator.Build.0 = AppStore|iPhoneSimulator
		{6587EEB8-F2AB-4FCB-AB6A-E8DB069B39D4}.Debug|Any CPU.ActiveCfg = Debug|iPhoneSimulator
		{6587EEB8-F2AB-4FCB-AB6A-E8DB069B39D4}.Debug|iPhone.ActiveCfg = Debug|iPhone
		{6587EEB8-F2AB-4FCB-AB6A-E8DB069B39D4}.Debug|iPhone.Build.0 = Debug|iPhone
		{6587EEB8-F2AB-4FCB-AB6A-E8DB069B39D4}.Debug|iPhoneSimulator.ActiveCfg = Debug|iPhoneSimulator
		{6587EEB8-F2AB-4FCB-AB6A-E8DB069B39D4}.Debug|iPhoneSimulator.Build.0 = Debug|iPhoneSimulator
		{6587EEB8-F2AB-4FCB-AB6A-E8DB069B39D4}.Release|Any CPU.ActiveCfg = Release|iPhoneSimulator
		{6587EEB8-F2AB-4FCB-AB6A-E8DB069B39D4}.Release|iPhone.ActiveCfg = Release|iPhone
		{6587EEB8-F2AB-4FCB-AB6A-E8DB069B39D4}.Release|iPhone.Build.0 = Release|iPhone
		{6587EEB8-F2AB-4FCB-AB6A-E8DB069B39D4}.Release|iPhoneSimulator.ActiveCfg = Release|iPhoneSimulator
		{6587EEB8-F2AB-4FCB-AB6A-E8DB069B39D4}.Release|iPhoneSimulator.Build.0 = Release|iPhoneSimulator
	EndGlobalSection
	GlobalSection(SolutionProperties) = preSolution
		HideSolutionNode = FALSE
	EndGlobalSection
	GlobalSection(ExtensibilityGlobals) = postSolution
		SolutionGuid = {47FE3FC4-A1F1-4BB6-8253-74666ED4AF4D}
	EndGlobalSection
EndGlobal
